
Microsoft Visual Studio Solution File, Format Version 12.00
# Visual Studio Version 17
VisualStudioVersion = 17.10.35122.118
MinimumVisualStudioVersion = 10.0.40219.1
Project("{FAE04EC0-301F-11D3-BF4B-00C04F79EFBC}") = "TestAddinWeather", "TestAddinWeather.csproj", "{F7A5A922-73C5-4411-9B6D-32B2E8A33C00}"
EndProject
Global
	GlobalSection(SolutionConfigurationPlatforms) = preSolution
		Debug|Any CPU = Debug|Any CPU
		Release|Any CPU = Release|Any CPU
	EndGlobalSection
	GlobalSection(ProjectConfigurationPlatforms) = postSolution
		{F7A5A922-73C5-4411-9B6D-32B2E8A33C00}.Debug|Any CPU.ActiveCfg = Debug|Any CPU
		{F7A5A922-73C5-4411-9B6D-32B2E8A33C00}.Debug|Any CPU.Build.0 = Debug|Any CPU
		{F7A5A922-73C5-4411-9B6D-32B2E8A33C00}.Release|Any CPU.ActiveCfg = Release|Any CPU
		{F7A5A922-73C5-4411-9B6D-32B2E8A33C00}.Release|Any CPU.Build.0 = Release|Any CPU
	EndGlobalSection
	GlobalSection(SolutionProperties) = preSolution
		HideSolutionNode = FALSE
	EndGlobalSection
	GlobalSection(ExtensibilityGlobals) = postSolution
		SolutionGuid = {D36586FD-8684-42BB-AA3E-57ECB71CEBA3}
	EndGlobalSection
EndGlobal
